
Microsoft Visual Studio Solution File, Format Version 12.00
# Visual Studio Version 16
VisualStudioVersion = 16.0.29728.190
MinimumVisualStudioVersion = 10.0.40219.1
Project("{FAE04EC0-301F-11D3-BF4B-00C04F79EFBC}") = "keyproject", "keyproject\keyproject.csproj", "{35DFA81A-91F6-4A90-A154-93BA10319B7D}"
EndProject
Global
	GlobalSection(SolutionConfigurationPlatforms) = preSolution
		Debug|Any CPU = Debug|Any CPU
		Release|Any CPU = Release|Any CPU
	EndGlobalSection
	GlobalSection(ProjectConfigurationPlatforms) = postSolution
		{35DFA81A-91F6-4A90-A154-93BA10319B7D}.Debug|Any CPU.ActiveCfg = Debug|Any CPU
		{35DFA81A-91F6-4A90-A154-93BA10319B7D}.Debug|Any CPU.Build.0 = Debug|Any CPU
		{35DFA81A-91F6-4A90-A154-93BA10319B7D}.Release|Any CPU.ActiveCfg = Release|Any CPU
		{35DFA81A-91F6-4A90-A154-93BA10319B7D}.Release|Any CPU.Build.0 = Release|Any CPU
	EndGlobalSection
	GlobalSection(SolutionProperties) = preSolution
		HideSolutionNode = FALSE
	EndGlobalSection
	GlobalSection(ExtensibilityGlobals) = postSolution
		SolutionGuid = {F57EF7DB-EBDE-4FFB-AC83-F49866EF11A5}
	EndGlobalSection
EndGlobal
